{
  "name": "root",
  "version": "1.0.0",
  "lockfileVersion": 1,
  "requires": true,
  "dependencies": {
    "mdbootstrap": {
      "version": "4.7.7",
      "resolved": "https://registry.npmjs.org/mdbootstrap/-/mdbootstrap-4.7.7.tgz",
      "integrity": "sha512-ICqHUag552bvqVJ0gVVqy5vHT9OcAWZDtTl+Pn45jeO8wlVKk+EUro7xgvy69jAQMSz9TOpXLEc1GFmSePL4FA=="
    }
  }
}
